{
  "requires": true,
  "lockfileVersion": 1,
  "dependencies": {
    "istmymodule1": {
      "version": "2.0.0",
      "resolved": "https://registry.npmjs.org/istmymodule1/-/istmymodule1-2.0.0.tgz",
      "integrity": "sha512-pKxMp+lBLIwx2EdV17b/I+7HTYvt+5dvu9Mb01z0+DpQMU5Oa2xwwgSotS+h34qgpxyPeHV7sJOh2kujcGWHxA=="
    },
    "istmymodule2": {
      "version": "1.0.0",
      "resolved": "https://registry.npmjs.org/istmymodule2/-/istmymodule2-1.0.0.tgz",
      "integrity": "sha512-kx9C3DyvS5iBQ+8hxyMubdnZxHER5S6LKkMrWnlDX1/66oMmj65cp/TaOEyQF3+Rwb4Tm7x1BjxaXdQnD4Eayg==",
      "requires": {
        "istmymodule1": "^2.0.0"
      }
    }
  }
}
